
Microsoft Visual Studio Solution File, Format Version 12.00
# Visual Studio Version 17
VisualStudioVersion = 17.5.002.0
MinimumVisualStudioVersion = 10.0.40219.1
Project("{9A19103F-16F7-4668-BE54-9A1E7A4F7556}") = "ContosoCrafts.Website", "ContosoCrafts.Website.csproj", "{C12CFB1F-1247-466E-8B9C-B3CD56597BA3}"
EndProject
Global
	GlobalSection(SolutionConfigurationPlatforms) = preSolution
		Debug|Any CPU = Debug|Any CPU
		Release|Any CPU = Release|Any CPU
	EndGlobalSection
	GlobalSection(ProjectConfigurationPlatforms) = postSolution
		{C12CFB1F-1247-466E-8B9C-B3CD56597BA3}.Debug|Any CPU.ActiveCfg = Debug|Any CPU
		{C12CFB1F-1247-466E-8B9C-B3CD56597BA3}.Debug|Any CPU.Build.0 = Debug|Any CPU
		{C12CFB1F-1247-466E-8B9C-B3CD56597BA3}.Release|Any CPU.ActiveCfg = Release|Any CPU
		{C12CFB1F-1247-466E-8B9C-B3CD56597BA3}.Release|Any CPU.Build.0 = Release|Any CPU
	EndGlobalSection
	GlobalSection(SolutionProperties) = preSolution
		HideSolutionNode = FALSE
	EndGlobalSection
	GlobalSection(ExtensibilityGlobals) = postSolution
		SolutionGuid = {398D91A9-8288-4F7B-BF79-B4BA1D5B7ACE}
	EndGlobalSection
EndGlobal
